
Microsoft Visual Studio Solution File, Format Version 12.00
# Visual Studio Version 17
VisualStudioVersion = 17.9.34728.123
MinimumVisualStudioVersion = 10.0.40219.1
Project("{FAE04EC0-301F-11D3-BF4B-00C04F79EFBC}") = "Assi-1", "Assi-1\Assi-1.csproj", "{DFE597B3-8868-41A8-8E56-4BD18C96E47F}"
EndProject
Global
	GlobalSection(SolutionConfigurationPlatforms) = preSolution
		Debug|Any CPU = Debug|Any CPU
		Release|Any CPU = Release|Any CPU
	EndGlobalSection
	GlobalSection(ProjectConfigurationPlatforms) = postSolution
		{DFE597B3-8868-41A8-8E56-4BD18C96E47F}.Debug|Any CPU.ActiveCfg = Debug|Any CPU
		{DFE597B3-8868-41A8-8E56-4BD18C96E47F}.Debug|Any CPU.Build.0 = Debug|Any CPU
		{DFE597B3-8868-41A8-8E56-4BD18C96E47F}.Release|Any CPU.ActiveCfg = Release|Any CPU
		{DFE597B3-8868-41A8-8E56-4BD18C96E47F}.Release|Any CPU.Build.0 = Release|Any CPU
	EndGlobalSection
	GlobalSection(SolutionProperties) = preSolution
		HideSolutionNode = FALSE
	EndGlobalSection
	GlobalSection(ExtensibilityGlobals) = postSolution
		SolutionGuid = {ACFD0E93-69A3-4A7C-8FD0-571F3068687B}
	EndGlobalSection
EndGlobal
